{
  "lockfileVersion": 1,
  "configVersion": 1,
  "workspaces": {
    "": {
      "name": "comma-agents",
      "devDependencies": {
        "@biomejs/biome": "2.4.2",
        "bun-types": "1.3.9",
      },
    },
    "examples": {
      "name": "@comma-agents/examples",
      "version": "0.0.0",
      "dependencies": {
        "@ai-sdk/anthropic": "3.0.54",
        "@ai-sdk/openai": "3.0.39",
        "@ai-sdk/openai-compatible": "2.0.33",
        "@comma-agents/core": "workspace:*",
        "@comma-agents/daemon": "workspace:*",
        "ai": "6.0.91",
        "ink": "5.1.0",
        "ink-select-input": "6.0.0",
        "ink-spinner": "5.0.0",
        "ink-text-input": "6.0.0",
        "react": "18.3.1",
        "zod": "3.25.76",
      },
      "devDependencies": {
        "@types/react": "18.3.18",
      },
    },
    "packages/core": {
      "name": "@comma-agents/core",
      "version": "2.0.0",
      "dependencies": {
        "@ai-sdk/openai-compatible": "2.0.30",
        "ai": "6.0.91",
        "yaml": "2.7.0",
        "zod": "3.25.76",
      },
    },
    "packages/daemon": {
      "name": "@comma-agents/daemon",
      "version": "2.0.0",
      "bin": {
        "comma-agents-daemon": "src/cli.ts",
      },
      "dependencies": {
        "@ai-sdk/openai-compatible": "2.0.30",
        "@comma-agents/core": "workspace:*",
        "yaml": "2.7.0",
        "zod": "3.25.76",
      },
    },
    "packages/tui": {
      "name": "@comma-agents/tui",
      "version": "2.0.0",
      "dependencies": {
        "@comma-agents/core": "workspace:*",
        "@comma-agents/daemon": "workspace:*",
        "ink": "5.1.0",
        "react": "18.3.1",
      },
      "devDependencies": {
        "@types/react": "18.3.18",
      },
    },
  },
  "packages": {
    "@ai-sdk/anthropic": ["@ai-sdk/anthropic@3.0.54", "", { "dependencies": { "@ai-sdk/provider": "3.0.8", "@ai-sdk/provider-utils": "4.0.17" }, "peerDependencies": { "zod": "^3.25.76 || ^4.1.8" } }, "sha512-UhSPZ63FsTNO7PQCfxsqJIgkij1sivU3qfXydlSd4ugshpkNhd2v9s78G/40/G5C3pKSRfp/CfaSvivrneQfCg=="],

    "@ai-sdk/gateway": ["@ai-sdk/gateway@3.0.50", "", { "dependencies": { "@ai-sdk/provider": "3.0.8", "@ai-sdk/provider-utils": "4.0.15", "@vercel/oidc": "3.1.0" }, "peerDependencies": { "zod": "^3.25.76 || ^4.1.8" } }, "sha512-Jdd1a8VgbD7l7r+COj0h5SuaYRfPvOJ/AO6l0OrmTPEcI2MUQPr3C4JttfpNkcheEN+gOdy0CtZWuG17bW2fjw=="],

    "@ai-sdk/openai": ["@ai-sdk/openai@3.0.39", "", { "dependencies": { "@ai-sdk/provider": "3.0.8", "@ai-sdk/provider-utils": "4.0.17" }, "peerDependencies": { "zod": "^3.25.76 || ^4.1.8" } }, "sha512-EZrs4L6kMkPQhpodagpEvqLSryOIK99WgblN0IsVHr1xhajWizQOZ0XMa7c5JpSYgIjV6u8GCpGV6hS3Mk2Bug=="],

    "@ai-sdk/openai-compatible": ["@ai-sdk/openai-compatible@2.0.30", "", { "dependencies": { "@ai-sdk/provider": "3.0.8", "@ai-sdk/provider-utils": "4.0.15" }, "peerDependencies": { "zod": "^3.25.76 || ^4.1.8" } }, "sha512-iTjumHf1/u4NhjXYFn/aONM2GId3/o7J1Lp5ql8FCbgIMyRwrmanR5xy1S3aaVkfTscuDvLTzWiy1mAbGzK3nQ=="],

    "@ai-sdk/provider": ["@ai-sdk/provider@3.0.8", "", { "dependencies": { "json-schema": "^0.4.0" } }, "sha512-oGMAgGoQdBXbZqNG0Ze56CHjDZ1IDYOwGYxYjO5KLSlz5HiNQ9udIXsPZ61VWaHGZ5XW/jyjmr6t2xz2jGVwbQ=="],

    "@ai-sdk/provider-utils": ["@ai-sdk/provider-utils@4.0.15", "", { "dependencies": { "@ai-sdk/provider": "3.0.8", "@standard-schema/spec": "^1.1.0", "eventsource-parser": "^3.0.6" }, "peerDependencies": { "zod": "^3.25.76 || ^4.1.8" } }, "sha512-8XiKWbemmCbvNN0CLR9u3PQiet4gtEVIrX4zzLxnCj06AwsEDJwJVBbKrEI4t6qE8XRSIvU2irka0dcpziKW6w=="],

    "@alcalzone/ansi-tokenize": ["@alcalzone/ansi-tokenize@0.1.3", "", { "dependencies": { "ansi-styles": "^6.2.1", "is-fullwidth-code-point": "^4.0.0" } }, "sha512-3yWxPTq3UQ/FY9p1ErPxIyfT64elWaMvM9lIHnaqpyft63tkxodF5aUElYHrdisWve5cETkh1+KBw1yJuW0aRw=="],

    "@biomejs/biome": ["@biomejs/biome@2.4.2", "", { "optionalDependencies": { "@biomejs/cli-darwin-arm64": "2.4.2", "@biomejs/cli-darwin-x64": "2.4.2", "@biomejs/cli-linux-arm64": "2.4.2", "@biomejs/cli-linux-arm64-musl": "2.4.2", "@biomejs/cli-linux-x64": "2.4.2", "@biomejs/cli-linux-x64-musl": "2.4.2", "@biomejs/cli-win32-arm64": "2.4.2", "@biomejs/cli-win32-x64": "2.4.2" }, "bin": { "biome": "bin/biome" } }, "sha512-vVE/FqLxNLbvYnFDYg3Xfrh1UdFhmPT5i+yPT9GE2nTUgI4rkqo5krw5wK19YHBd7aE7J6r91RRmb8RWwkjy6w=="],

    "@biomejs/cli-darwin-arm64": ["@biomejs/cli-darwin-arm64@2.4.2", "", { "os": "darwin", "cpu": "arm64" }, "sha512-3pEcKCP/1POKyaZZhXcxFl3+d9njmeAihZ17k8lL/1vk+6e0Cbf0yPzKItFiT+5Yh6TQA4uKvnlqe0oVZwRxCA=="],

    "@biomejs/cli-darwin-x64": ["@biomejs/cli-darwin-x64@2.4.2", "", { "os": "darwin", "cpu": "x64" }, "sha512-P7hK1jLVny+0R9UwyGcECxO6sjETxfPyBm/1dmFjnDOHgdDPjPqozByunrwh4xPKld8sxOr5eAsSqal5uKgeBg=="],

    "@biomejs/cli-linux-arm64": ["@biomejs/cli-linux-arm64@2.4.2", "", { "os": "linux", "cpu": "arm64" }, "sha512-DI3Mi7GT2zYNgUTDEbSjl3e1KhoP76OjQdm8JpvZYZWtVDRyLd3w8llSr2TWk1z+U3P44kUBWY3X7H9MD1/DGQ=="],

    "@biomejs/cli-linux-arm64-musl": ["@biomejs/cli-linux-arm64-musl@2.4.2", "", { "os": "linux", "cpu": "arm64" }, "sha512-/x04YK9+7erw6tYEcJv9WXoBHcULI/wMOvNdAyE9S3JStZZ9yJyV67sWAI+90UHuDo/BDhq0d96LDqGlSVv7WA=="],

    "@biomejs/cli-linux-x64": ["@biomejs/cli-linux-x64@2.4.2", "", { "os": "linux", "cpu": "x64" }, "sha512-GK2ErnrKpWFigYP68cXiCHK4RTL4IUWhK92AFS3U28X/nuAL5+hTuy6hyobc8JZRSt+upXt1nXChK+tuHHx4mA=="],

    "@biomejs/cli-linux-x64-musl": ["@biomejs/cli-linux-x64-musl@2.4.2", "", { "os": "linux", "cpu": "x64" }, "sha512-wbBmTkeAoAYbOQ33f6sfKG7pcRSydQiF+dTYOBjJsnXO2mWEOQHllKlC2YVnedqZFERp2WZhFUoO7TNRwnwEHQ=="],

    "@biomejs/cli-win32-arm64": ["@biomejs/cli-win32-arm64@2.4.2", "", { "os": "win32", "cpu": "arm64" }, "sha512-k2uqwLYrNNxnaoiW3RJxoMGnbKda8FuCmtYG3cOtVljs3CzWxaTR+AoXwKGHscC9thax9R4kOrtWqWN0+KdPTw=="],

    "@biomejs/cli-win32-x64": ["@biomejs/cli-win32-x64@2.4.2", "", { "os": "win32", "cpu": "x64" }, "sha512-9ma7C4g8Sq3cBlRJD2yrsHXB1mnnEBdpy7PhvFrylQWQb4PoyCmPucdX7frvsSBQuFtIiKCrolPl/8tCZrKvgQ=="],

    "@comma-agents/core": ["@comma-agents/core@workspace:packages/core"],

    "@comma-agents/daemon": ["@comma-agents/daemon@workspace:packages/daemon"],

    "@comma-agents/examples": ["@comma-agents/examples@workspace:examples"],

    "@comma-agents/tui": ["@comma-agents/tui@workspace:packages/tui"],

    "@opentelemetry/api": ["@opentelemetry/api@1.9.0", "", {}, "sha512-3giAOQvZiH5F9bMlMiv8+GSPMeqg0dbaeo58/0SlA9sxSqZhnUtxzX9/2FzyhS9sWQf5S0GJE0AKBrFqjpeYcg=="],

    "@standard-schema/spec": ["@standard-schema/spec@1.1.0", "", {}, "sha512-l2aFy5jALhniG5HgqrD6jXLi/rUWrKvqN/qJx6yoJsgKhblVd+iqqU4RCXavm/jPityDo5TCvKMnpjKnOriy0w=="],

    "@types/node": ["@types/node@25.2.3", "", { "dependencies": { "undici-types": "~7.16.0" } }, "sha512-m0jEgYlYz+mDJZ2+F4v8D1AyQb+QzsNqRuI7xg1VQX/KlKS0qT9r1Mo16yo5F/MtifXFgaofIFsdFMox2SxIbQ=="],

    "@types/prop-types": ["@types/prop-types@15.7.15", "", {}, "sha512-F6bEyamV9jKGAFBEmlQnesRPGOQqS2+Uwi0Em15xenOxHaf2hv6L8YCVn3rPdPJOiJfPiCnLIRyvwVaqMY3MIw=="],

    "@types/react": ["@types/react@18.3.18", "", { "dependencies": { "@types/prop-types": "*", "csstype": "^3.0.2" } }, "sha512-t4yC+vtgnkYjNSKlFx1jkAhH8LgTo2N/7Qvi83kdEaUtMDiwpbLAktKDaAMlRcJ5eSxZkH74eEGt1ky31d7kfQ=="],

    "@vercel/oidc": ["@vercel/oidc@3.1.0", "", {}, "sha512-Fw28YZpRnA3cAHHDlkt7xQHiJ0fcL+NRcIqsocZQUSmbzeIKRpwttJjik5ZGanXP+vlA4SbTg+AbA3bP363l+w=="],

    "ai": ["ai@6.0.91", "", { "dependencies": { "@ai-sdk/gateway": "3.0.50", "@ai-sdk/provider": "3.0.8", "@ai-sdk/provider-utils": "4.0.15", "@opentelemetry/api": "1.9.0" }, "peerDependencies": { "zod": "^3.25.76 || ^4.1.8" } }, "sha512-k1/8BusZMhYVxxLZt0BUZzm9HVDCCh117nyWfWUx5xjR2+tWisJbXgysL7EBMq2lgyHwgpA1jDR3tVjWSdWZXw=="],

    "ansi-escapes": ["ansi-escapes@7.3.0", "", { "dependencies": { "environment": "^1.0.0" } }, "sha512-BvU8nYgGQBxcmMuEeUEmNTvrMVjJNSH7RgW24vXexN4Ven6qCvy4TntnvlnwnMLTVlcRQQdbRY8NKnaIoeWDNg=="],

    "ansi-regex": ["ansi-regex@6.2.2", "", {}, "sha512-Bq3SmSpyFHaWjPk8If9yc6svM8c56dB5BAtW4Qbw5jHTwwXXcTLoRMkpDJp6VL0XzlWaCHTXrkFURMYmD0sLqg=="],

    "ansi-styles": ["ansi-styles@6.2.3", "", {}, "sha512-4Dj6M28JB+oAH8kFkTLUo+a2jwOFkuqb3yucU0CANcRRUbxS0cP0nZYCGjcc3BNXwRIsUVmDGgzawme7zvJHvg=="],

    "auto-bind": ["auto-bind@5.0.1", "", {}, "sha512-ooviqdwwgfIfNmDwo94wlshcdzfO64XV0Cg6oDsDYBJfITDz1EngD2z7DkbvCWn+XIMsIqW27sEVF6qcpJrRcg=="],

    "bun-types": ["bun-types@1.3.9", "", { "dependencies": { "@types/node": "*" } }, "sha512-+UBWWOakIP4Tswh0Bt0QD0alpTY8cb5hvgiYeWCMet9YukHbzuruIEeXC2D7nMJPB12kbh8C7XJykSexEqGKJg=="],

    "chalk": ["chalk@5.6.2", "", {}, "sha512-7NzBL0rN6fMUW+f7A6Io4h40qQlG+xGmtMxfbnH/K7TAtt8JQWVQK+6g0UXKMeVJoyV5EkkNsErQ8pVD3bLHbA=="],

    "cli-boxes": ["cli-boxes@3.0.0", "", {}, "sha512-/lzGpEWL/8PfI0BmBOPRwp0c/wFNX1RdUML3jK/RcSBA9T8mZDdQpqYBKtCFTOfQbwPqWEOpjqW+Fnayc0969g=="],

    "cli-cursor": ["cli-cursor@4.0.0", "", { "dependencies": { "restore-cursor": "^4.0.0" } }, "sha512-VGtlMu3x/4DOtIUwEkRezxUZ2lBacNJCHash0N0WeZDBS+7Ux1dm3XWAgWYxLJFMMdOeXMHXorshEFhbMSGelg=="],

    "cli-spinners": ["cli-spinners@2.9.2", "", {}, "sha512-ywqV+5MmyL4E7ybXgKys4DugZbX0FC6LnwrhjuykIjnK9k8OQacQ7axGKnjDXWNhns0xot3bZI5h55H8yo9cJg=="],

    "cli-truncate": ["cli-truncate@4.0.0", "", { "dependencies": { "slice-ansi": "^5.0.0", "string-width": "^7.0.0" } }, "sha512-nPdaFdQ0h/GEigbPClz11D0v/ZJEwxmeVZGeMo3Z5StPtUTkA9o1lD6QwoirYiSDzbcwn2XcjwmCp68W1IS4TA=="],

    "code-excerpt": ["code-excerpt@4.0.0", "", { "dependencies": { "convert-to-spaces": "^2.0.1" } }, "sha512-xxodCmBen3iy2i0WtAK8FlFNrRzjUqjRsMfho58xT/wvZU1YTM3fCnRjcy1gJPMepaRlgm/0e6w8SpWHpn3/cA=="],

    "convert-to-spaces": ["convert-to-spaces@2.0.1", "", {}, "sha512-rcQ1bsQO9799wq24uE5AM2tAILy4gXGIK/njFWcVQkGNZ96edlpY+A7bjwvzjYvLDyzmG1MmMLZhpcsb+klNMQ=="],

    "csstype": ["csstype@3.2.3", "", {}, "sha512-z1HGKcYy2xA8AGQfwrn0PAy+PB7X/GSj3UVJW9qKyn43xWa+gl5nXmU4qqLMRzWVLFC8KusUX8T/0kCiOYpAIQ=="],

    "emoji-regex": ["emoji-regex@10.6.0", "", {}, "sha512-toUI84YS5YmxW219erniWD0CIVOo46xGKColeNQRgOzDorgBi1v4D71/OFzgD9GO2UGKIv1C3Sp8DAn0+j5w7A=="],

    "environment": ["environment@1.1.0", "", {}, "sha512-xUtoPkMggbz0MPyPiIWr1Kp4aeWJjDZ6SMvURhimjdZgsRuDplF5/s9hcgGhyXMhs+6vpnuoiZ2kFiu3FMnS8Q=="],

    "es-toolkit": ["es-toolkit@1.44.0", "", {}, "sha512-6penXeZalaV88MM3cGkFZZfOoLGWshWWfdy0tWw/RlVVyhvMaWSBTOvXNeiW3e5FwdS5ePW0LGEu17zT139ktg=="],

    "escape-string-regexp": ["escape-string-regexp@2.0.0", "", {}, "sha512-UpzcLCXolUWcNu5HtVMHYdXJjArjsF9C0aNnquZYY4uW/Vu0miy5YoWvbV345HauVvcAUnpRuhMMcqTcGOY2+w=="],

    "eventsource-parser": ["eventsource-parser@3.0.6", "", {}, "sha512-Vo1ab+QXPzZ4tCa8SwIHJFaSzy4R6SHf7BY79rFBDf0idraZWAkYrDjDj8uWaSm3S2TK+hJ7/t1CEmZ7jXw+pg=="],

    "figures": ["figures@6.1.0", "", { "dependencies": { "is-unicode-supported": "^2.0.0" } }, "sha512-d+l3qxjSesT4V7v2fh+QnmFnUWv9lSpjarhShNTgBOfA0ttejbQUAlHLitbjkoRiDulW0OPoQPYIGhIC8ohejg=="],

    "get-east-asian-width": ["get-east-asian-width@1.5.0", "", {}, "sha512-CQ+bEO+Tva/qlmw24dCejulK5pMzVnUOFOijVogd3KQs07HnRIgp8TGipvCCRT06xeYEbpbgwaCxglFyiuIcmA=="],

    "indent-string": ["indent-string@5.0.0", "", {}, "sha512-m6FAo/spmsW2Ab2fU35JTYwtOKa2yAwXSwgjSv1TJzh4Mh7mC3lzAOVLBprb72XsTrgkEIsl7YrFNAiDiRhIGg=="],

    "ink": ["ink@5.1.0", "", { "dependencies": { "@alcalzone/ansi-tokenize": "^0.1.3", "ansi-escapes": "^7.0.0", "ansi-styles": "^6.2.1", "auto-bind": "^5.0.1", "chalk": "^5.3.0", "cli-boxes": "^3.0.0", "cli-cursor": "^4.0.0", "cli-truncate": "^4.0.0", "code-excerpt": "^4.0.0", "es-toolkit": "^1.22.0", "indent-string": "^5.0.0", "is-in-ci": "^1.0.0", "patch-console": "^2.0.0", "react-reconciler": "^0.29.0", "scheduler": "^0.23.0", "signal-exit": "^3.0.7", "slice-ansi": "^7.1.0", "stack-utils": "^2.0.6", "string-width": "^7.2.0", "type-fest": "^4.27.0", "widest-line": "^5.0.0", "wrap-ansi": "^9.0.0", "ws": "^8.18.0", "yoga-wasm-web": "~0.3.3" }, "peerDependencies": { "@types/react": ">=18.0.0", "react": ">=18.0.0", "react-devtools-core": "^4.19.1" }, "optionalPeers": ["@types/react", "react-devtools-core"] }, "sha512-3vIO+CU4uSg167/dZrg4wHy75llUINYXxN4OsdaCkE40q4zyOTPwNc2VEpLnnWsIvIQeo6x6lilAhuaSt+rIsA=="],

    "ink-select-input": ["ink-select-input@6.0.0", "", { "dependencies": { "figures": "^6.1.0", "lodash.isequal": "^4.5.0", "to-rotated": "^1.0.0" }, "peerDependencies": { "ink": ">=5.0.0", "react": ">=18.0.0" } }, "sha512-2mCbn1b9xeguA3qJiaf8Sx8W4MM005wACcLKwHWWJmJ8BapjsahmQPuY2U2qyGc817IdWFjNk/K41Vn39UlO4Q=="],

    "ink-spinner": ["ink-spinner@5.0.0", "", { "dependencies": { "cli-spinners": "^2.7.0" }, "peerDependencies": { "ink": ">=4.0.0", "react": ">=18.0.0" } }, "sha512-EYEasbEjkqLGyPOUc8hBJZNuC5GvXGMLu0w5gdTNskPc7Izc5vO3tdQEYnzvshucyGCBXc86ig0ujXPMWaQCdA=="],

    "ink-text-input": ["ink-text-input@6.0.0", "", { "dependencies": { "chalk": "^5.3.0", "type-fest": "^4.18.2" }, "peerDependencies": { "ink": ">=5", "react": ">=18" } }, "sha512-Fw64n7Yha5deb1rHY137zHTAbSTNelUKuB5Kkk2HACXEtwIHBCf9OH2tP/LQ9fRYTl1F0dZgbW0zPnZk6FA9Lw=="],

    "is-fullwidth-code-point": ["is-fullwidth-code-point@4.0.0", "", {}, "sha512-O4L094N2/dZ7xqVdrXhh9r1KODPJpFms8B5sGdJLPy664AgvXsreZUyCQQNItZRDlYug4xStLjNp/sz3HvBowQ=="],

    "is-in-ci": ["is-in-ci@1.0.0", "", { "bin": { "is-in-ci": "cli.js" } }, "sha512-eUuAjybVTHMYWm/U+vBO1sY/JOCgoPCXRxzdju0K+K0BiGW0SChEL1MLC0PoCIR1OlPo5YAp8HuQoUlsWEICwg=="],

    "is-unicode-supported": ["is-unicode-supported@2.1.0", "", {}, "sha512-mE00Gnza5EEB3Ds0HfMyllZzbBrmLOX3vfWoj9A9PEnTfratQ/BcaJOuMhnkhjXvb2+FkY3VuHqtAGpTPmglFQ=="],

    "js-tokens": ["js-tokens@4.0.0", "", {}, "sha512-RdJUflcE3cUzKiMqQgsCu06FPu9UdIJO0beYbPhHN4k6apgJtifcoCtT9bcxOpYBtpD2kCM6Sbzg4CausW/PKQ=="],

    "json-schema": ["json-schema@0.4.0", "", {}, "sha512-es94M3nTIfsEPisRafak+HDLfHXnKBhV3vU5eqPcS3flIWqcxJWgXHXiey3YrpaNsanY5ei1VoYEbOzijuq9BA=="],

    "lodash.isequal": ["lodash.isequal@4.5.0", "", {}, "sha512-pDo3lu8Jhfjqls6GkMgpahsF9kCyayhgykjyLMNFTKWrpVdAQtYyB4muAMWozBB4ig/dtWAmsMxLEI8wuz+DYQ=="],

    "loose-envify": ["loose-envify@1.4.0", "", { "dependencies": { "js-tokens": "^3.0.0 || ^4.0.0" }, "bin": { "loose-envify": "cli.js" } }, "sha512-lyuxPGr/Wfhrlem2CL/UcnUc1zcqKAImBDzukY7Y5F/yQiNdko6+fRLevlw1HgMySw7f611UIY408EtxRSoK3Q=="],

    "mimic-fn": ["mimic-fn@2.1.0", "", {}, "sha512-OqbOk5oEQeAZ8WXWydlu9HJjz9WVdEIvamMCcXmuqUYjTknH/sqsWvhQ3vgwKFRR1HpjvNBKQ37nbJgYzGqGcg=="],

    "onetime": ["onetime@5.1.2", "", { "dependencies": { "mimic-fn": "^2.1.0" } }, "sha512-kbpaSSGJTWdAY5KPVeMOKXSrPtr8C8C7wodJbcsd51jRnmD+GZu8Y0VoU6Dm5Z4vWr0Ig/1NKuWRKf7j5aaYSg=="],

    "patch-console": ["patch-console@2.0.0", "", {}, "sha512-0YNdUceMdaQwoKce1gatDScmMo5pu/tfABfnzEqeG0gtTmd7mh/WcwgUjtAeOU7N8nFFlbQBnFK2gXW5fGvmMA=="],

    "react": ["react@18.3.1", "", { "dependencies": { "loose-envify": "^1.1.0" } }, "sha512-wS+hAgJShR0KhEvPJArfuPVN1+Hz1t0Y6n5jLrGQbkb4urgPE/0Rve+1kMB1v/oWgHgm4WIcV+i7F2pTVj+2iQ=="],

    "react-reconciler": ["react-reconciler@0.29.2", "", { "dependencies": { "loose-envify": "^1.1.0", "scheduler": "^0.23.2" }, "peerDependencies": { "react": "^18.3.1" } }, "sha512-zZQqIiYgDCTP/f1N/mAR10nJGrPD2ZR+jDSEsKWJHYC7Cm2wodlwbR3upZRdC3cjIjSlTLNVyO7Iu0Yy7t2AYg=="],

    "restore-cursor": ["restore-cursor@4.0.0", "", { "dependencies": { "onetime": "^5.1.0", "signal-exit": "^3.0.2" } }, "sha512-I9fPXU9geO9bHOt9pHHOhOkYerIMsmVaWB0rA2AI9ERh/+x/i7MV5HKBNrg+ljO5eoPVgCcnFuRjJ9uH6I/3eg=="],

    "scheduler": ["scheduler@0.23.2", "", { "dependencies": { "loose-envify": "^1.1.0" } }, "sha512-UOShsPwz7NrMUqhR6t0hWjFduvOzbtv7toDH1/hIrfRNIDBnnBWd0CwJTGvTpngVlmwGCdP9/Zl/tVrDqcuYzQ=="],

    "signal-exit": ["signal-exit@3.0.7", "", {}, "sha512-wnD2ZE+l+SPC/uoS0vXeE9L1+0wuaMqKlfz9AMUo38JsyLSBWSFcHR1Rri62LZc12vLr1gb3jl7iwQhgwpAbGQ=="],

    "slice-ansi": ["slice-ansi@7.1.2", "", { "dependencies": { "ansi-styles": "^6.2.1", "is-fullwidth-code-point": "^5.0.0" } }, "sha512-iOBWFgUX7caIZiuutICxVgX1SdxwAVFFKwt1EvMYYec/NWO5meOJ6K5uQxhrYBdQJne4KxiqZc+KptFOWFSI9w=="],

    "stack-utils": ["stack-utils@2.0.6", "", { "dependencies": { "escape-string-regexp": "^2.0.0" } }, "sha512-XlkWvfIm6RmsWtNJx+uqtKLS8eqFbxUg0ZzLXqY0caEy9l7hruX8IpiDnjsLavoBgqCCR71TqWO8MaXYheJ3RQ=="],

    "string-width": ["string-width@7.2.0", "", { "dependencies": { "emoji-regex": "^10.3.0", "get-east-asian-width": "^1.0.0", "strip-ansi": "^7.1.0" } }, "sha512-tsaTIkKW9b4N+AEj+SVA+WhJzV7/zMhcSu78mLKWSk7cXMOSHsBKFWUs0fWwq8QyK3MgJBQRX6Gbi4kYbdvGkQ=="],

    "strip-ansi": ["strip-ansi@7.1.2", "", { "dependencies": { "ansi-regex": "^6.0.1" } }, "sha512-gmBGslpoQJtgnMAvOVqGZpEz9dyoKTCzy2nfz/n8aIFhN/jCE/rCmcxabB6jOOHV+0WNnylOxaxBQPSvcWklhA=="],

    "to-rotated": ["to-rotated@1.0.0", "", {}, "sha512-KsEID8AfgUy+pxVRLsWp0VzCa69wxzUDZnzGbyIST/bcgcrMvTYoFBX/QORH4YApoD89EDuUovx4BTdpOn319Q=="],

    "type-fest": ["type-fest@4.41.0", "", {}, "sha512-TeTSQ6H5YHvpqVwBRcnLDCBnDOHWYu7IvGbHT6N8AOymcr9PJGjc1GTtiWZTYg0NCgYwvnYWEkVChQAr9bjfwA=="],

    "undici-types": ["undici-types@7.16.0", "", {}, "sha512-Zz+aZWSj8LE6zoxD+xrjh4VfkIG8Ya6LvYkZqtUQGJPZjYl53ypCaUwWqo7eI0x66KBGeRo+mlBEkMSeSZ38Nw=="],

    "widest-line": ["widest-line@5.0.0", "", { "dependencies": { "string-width": "^7.0.0" } }, "sha512-c9bZp7b5YtRj2wOe6dlj32MK+Bx/M/d+9VB2SHM1OtsUHR0aV0tdP6DWh/iMt0kWi1t5g1Iudu6hQRNd1A4PVA=="],

    "wrap-ansi": ["wrap-ansi@9.0.2", "", { "dependencies": { "ansi-styles": "^6.2.1", "string-width": "^7.0.0", "strip-ansi": "^7.1.0" } }, "sha512-42AtmgqjV+X1VpdOfyTGOYRi0/zsoLqtXQckTmqTeybT+BDIbM/Guxo7x3pE2vtpr1ok6xRqM9OpBe+Jyoqyww=="],

    "ws": ["ws@8.19.0", "", { "peerDependencies": { "bufferutil": "^4.0.1", "utf-8-validate": ">=5.0.2" }, "optionalPeers": ["bufferutil", "utf-8-validate"] }, "sha512-blAT2mjOEIi0ZzruJfIhb3nps74PRWTCz1IjglWEEpQl5XS/UNama6u2/rjFkDDouqr4L67ry+1aGIALViWjDg=="],

    "yaml": ["yaml@2.7.0", "", { "bin": { "yaml": "bin.mjs" } }, "sha512-+hSoy/QHluxmC9kCIJyL/uyFmLmc+e5CFR5Wa+bpIhIj85LVb9ZH2nVnqrHoSvKogwODv0ClqZkmiSSaIH5LTA=="],

    "yoga-wasm-web": ["yoga-wasm-web@0.3.3", "", {}, "sha512-N+d4UJSJbt/R3wqY7Coqs5pcV0aUj2j9IaQ3rNj9bVCLld8tTGKRa2USARjnvZJWVx1NDmQev8EknoczaOQDOA=="],

    "zod": ["zod@3.25.76", "", {}, "sha512-gzUt/qt81nXsFGKIFcC3YnfEAx5NkunCfnDlvuBSSFS02bcXu4Lmea0AFIUwbLWxWPx3d9p8S5QoaujKcNQxcQ=="],

    "@ai-sdk/anthropic/@ai-sdk/provider-utils": ["@ai-sdk/provider-utils@4.0.17", "", { "dependencies": { "@ai-sdk/provider": "3.0.8", "@standard-schema/spec": "^1.1.0", "eventsource-parser": "^3.0.6" }, "peerDependencies": { "zod": "^3.25.76 || ^4.1.8" } }, "sha512-oyCeFINTYK0B8ZGUBiQc05G5vytPlKSmTTtm19xfJuUgoi8zkvvRcoPQci4mSnyfpPn2XSFFDfsALG8uGcapfg=="],

    "@ai-sdk/openai/@ai-sdk/provider-utils": ["@ai-sdk/provider-utils@4.0.17", "", { "dependencies": { "@ai-sdk/provider": "3.0.8", "@standard-schema/spec": "^1.1.0", "eventsource-parser": "^3.0.6" }, "peerDependencies": { "zod": "^3.25.76 || ^4.1.8" } }, "sha512-oyCeFINTYK0B8ZGUBiQc05G5vytPlKSmTTtm19xfJuUgoi8zkvvRcoPQci4mSnyfpPn2XSFFDfsALG8uGcapfg=="],

    "@comma-agents/examples/@ai-sdk/openai-compatible": ["@ai-sdk/openai-compatible@2.0.33", "", { "dependencies": { "@ai-sdk/provider": "3.0.8", "@ai-sdk/provider-utils": "4.0.17" }, "peerDependencies": { "zod": "^3.25.76 || ^4.1.8" } }, "sha512-HwptqeUS4vtDyjSSjmKCQExjoQMwPVq0C4pHH18i7c+3CQ0QN81HLvz3BdpULo0n/UtdQwTNISRqx3G5miPZhw=="],

    "cli-truncate/slice-ansi": ["slice-ansi@5.0.0", "", { "dependencies": { "ansi-styles": "^6.0.0", "is-fullwidth-code-point": "^4.0.0" } }, "sha512-FC+lgizVPfie0kkhqUScwRu1O/lF6NOgJmlCgK+/LYxDCTk8sGelYaHDhFcDN+Sn3Cv+3VSa4Byeo+IMCzpMgQ=="],

    "slice-ansi/is-fullwidth-code-point": ["is-fullwidth-code-point@5.1.0", "", { "dependencies": { "get-east-asian-width": "^1.3.1" } }, "sha512-5XHYaSyiqADb4RnZ1Bdad6cPp8Toise4TzEjcOYDHZkTCbKgiUl7WTUCpNWHuxmDt91wnsZBc9xinNzopv3JMQ=="],

    "@comma-agents/examples/@ai-sdk/openai-compatible/@ai-sdk/provider-utils": ["@ai-sdk/provider-utils@4.0.17", "", { "dependencies": { "@ai-sdk/provider": "3.0.8", "@standard-schema/spec": "^1.1.0", "eventsource-parser": "^3.0.6" }, "peerDependencies": { "zod": "^3.25.76 || ^4.1.8" } }, "sha512-oyCeFINTYK0B8ZGUBiQc05G5vytPlKSmTTtm19xfJuUgoi8zkvvRcoPQci4mSnyfpPn2XSFFDfsALG8uGcapfg=="],
  }
}
